
Microsoft Visual Studio Solution File, Format Version 12.00
# Visual Studio Version 17
VisualStudioVersion = 17.14.36127.28
MinimumVisualStudioVersion = 10.0.40219.1
Project("{FAE04EC0-301F-11D3-BF4B-00C04F79EFBC}") = "OpenAiToolsGettingStarted", "OpenAiToolsGettingStarted\OpenAiToolsGettingStarted.csproj", "{88C2A77A-791F-4134-8BCF-6CD329030701}"
EndProject
Project("{FAE04EC0-301F-11D3-BF4B-00C04F79EFBC}") = "OpenAiTools.Tester", "OpenAiTools.Tester\OpenAiTools.Tester.csproj", "{74AB0C1D-3651-4259-8C6B-58E5A858AE71}"
EndProject
Global
	GlobalSection(SolutionConfigurationPlatforms) = preSolution
		Debug|Any CPU = Debug|Any CPU
		Release|Any CPU = Release|Any CPU
	EndGlobalSection
	GlobalSection(ProjectConfigurationPlatforms) = postSolution
		{88C2A77A-791F-4134-8BCF-6CD329030701}.Debug|Any CPU.ActiveCfg = Debug|Any CPU
		{88C2A77A-791F-4134-8BCF-6CD329030701}.Debug|Any CPU.Build.0 = Debug|Any CPU
		{88C2A77A-791F-4134-8BCF-6CD329030701}.Release|Any CPU.ActiveCfg = Release|Any CPU
		{88C2A77A-791F-4134-8BCF-6CD329030701}.Release|Any CPU.Build.0 = Release|Any CPU
		{74AB0C1D-3651-4259-8C6B-58E5A858AE71}.Debug|Any CPU.ActiveCfg = Debug|Any CPU
		{74AB0C1D-3651-4259-8C6B-58E5A858AE71}.Debug|Any CPU.Build.0 = Debug|Any CPU
		{74AB0C1D-3651-4259-8C6B-58E5A858AE71}.Release|Any CPU.ActiveCfg = Release|Any CPU
		{74AB0C1D-3651-4259-8C6B-58E5A858AE71}.Release|Any CPU.Build.0 = Release|Any CPU
	EndGlobalSection
	GlobalSection(SolutionProperties) = preSolution
		HideSolutionNode = FALSE
	EndGlobalSection
	GlobalSection(ExtensibilityGlobals) = postSolution
		SolutionGuid = {CC40BAE7-7AFA-4EEA-ADFA-CE04F61FF225}
	EndGlobalSection
EndGlobal
